<?xml version="1.0" encoding="utf-8"?>
<Project ToolsVersion="4.0" xmlns="http://schemas.microsoft.com/developer/msbuild/2003">
  <ItemGroup>
    <ClCompile Include="stdafx.cpp" />
    <ClCompile Include="WA_Hook.cpp" />
    <ClCompile Include="..\..\Common\Buffer.cpp">
      <Filter>Common</Filter>
    </ClCompile>
    <ClCompile Include="..\..\Common\Debug_tool.cpp">
      <Filter>Common</Filter>
    </ClCompile>
    <ClCompile Include="..\..\Common\Dialog.cpp">
      <Filter>Common</Filter>
    </ClCompile>
    <ClCompile Include="..\..\Common\Window.cpp">
      <Filter>Common</Filter>
    </ClCompile>
  </ItemGroup>
  <ItemGroup>
    <ClInclude Include="stdafx.h" />
    <ClInclude Include="..\..\Common\Dialog.hpp">
      <Filter>Common</Filter>
    </ClInclude>
    <ClInclude Include="..\..\Common\Buffer.hpp">
      <Filter>Common</Filter>
    </ClInclude>
    <ClInclude Include="..\..\Common\Debug_tool.hpp">
      <Filter>Common</Filter>
    </ClInclude>
    <ClInclude Include="..\..\Common\Window.hpp">
      <Filter>Common</Filter>
    </ClInclude>
    <ClInclude Include="WA_Hook.h" />
    <ClInclude Include="resource.h" />
  </ItemGroup>
  <ItemGroup>
    <ResourceCompile Include="WA_Hook.rc" />
  </ItemGroup>
  <ItemGroup>
    <None Include="ReadMe.txt" />
  </ItemGroup>
  <ItemGroup>
    <Filter Include="Common">
      <UniqueIdentifier>{5bb5bb49-c0b5-452a-9008-a092d2a0a93a}</UniqueIdentifier>
    </Filter>
  </ItemGroup>
</Project>