<?xml version="1.0" encoding="utf-8"?>
<Project ToolsVersion="4.0" xmlns="http://schemas.microsoft.com/developer/msbuild/2003">
  <ItemGroup>
    <ClCompile Include="Main.cpp" />
    <ClCompile Include="Main_window.cpp" />
    <ClCompile Include="StdAfx.cpp" />
    <ClCompile Include="..\Common\Application.cpp">
      <Filter>Common</Filter>
    </ClCompile>
    <ClCompile Include="..\Common\Buffer.cpp">
      <Filter>Common</Filter>
    </ClCompile>
    <ClCompile Include="..\Common\Debug_tool.cpp">
      <Filter>Common</Filter>
    </ClCompile>
    <ClCompile Include="..\Common\Dialog.cpp">
      <Filter>Common</Filter>
    </ClCompile>
    <ClCompile Include="..\Common\Mutex.cpp">
      <Filter>Common</Filter>
    </ClCompile>
    <ClCompile Include="..\Common\Process.cpp">
      <Filter>Common</Filter>
    </ClCompile>
    <ClCompile Include="..\Common\Notify_icon.cpp">
      <Filter>Common</Filter>
    </ClCompile>
    <ClCompile Include="..\Common\Window.cpp">
      <Filter>Common</Filter>
    </ClCompile>
  </ItemGroup>
  <ItemGroup>
    <ClInclude Include="Main.hpp" />
    <ClInclude Include="Main_window.hpp" />
    <ClInclude Include="resource.h" />
    <ClInclude Include="StdAfx.h" />
    <ClInclude Include="..\Common\Accelerator.hpp">
      <Filter>Common</Filter>
    </ClInclude>
    <ClInclude Include="..\Common\Application.hpp">
      <Filter>Common</Filter>
    </ClInclude>
    <ClInclude Include="..\Common\Buffer.hpp">
      <Filter>Common</Filter>
    </ClInclude>
    <ClInclude Include="..\Common\Debug_tool.hpp">
      <Filter>Common</Filter>
    </ClInclude>
    <ClInclude Include="..\Common\Dialog.hpp">
      <Filter>Common</Filter>
    </ClInclude>
    <ClInclude Include="..\Common\Misc.hpp">
      <Filter>Common</Filter>
    </ClInclude>
    <ClInclude Include="..\Common\Mutex.hpp">
      <Filter>Common</Filter>
    </ClInclude>
    <ClInclude Include="..\Common\Process.hpp">
      <Filter>Common</Filter>
    </ClInclude>
    <ClInclude Include="..\Common\Notify_icon.hpp">
      <Filter>Common</Filter>
    </ClInclude>
    <ClInclude Include="..\Common\TPath.hpp">
      <Filter>Common</Filter>
    </ClInclude>
    <ClInclude Include="..\Common\TString.hpp">
      <Filter>Common</Filter>
    </ClInclude>
    <ClInclude Include="..\Common\Window.hpp">
      <Filter>Common</Filter>
    </ClInclude>
  </ItemGroup>
  <ItemGroup>
    <ResourceCompile Include="Window_adjuster.rc" />
  </ItemGroup>
  <ItemGroup>
    <None Include="main.ico" />
    <None Include="Window_adjuster.ico" />
    <None Include="ReadMe.txt" />
  </ItemGroup>
  <ItemGroup>
    <Filter Include="Common">
      <UniqueIdentifier>{7ea7f2f7-2165-43f2-98c0-850f30629202}</UniqueIdentifier>
    </Filter>
  </ItemGroup>
</Project>