
Microsoft Visual Studio Solution File, Format Version 9.00
# Visual C++ Express 2005
Project("{8BC9CEB8-8B4A-11D0-8D11-00A0C91BC942}") = "Comb_sort_test", "Comb_sort_test.vcproj", "{827B4B97-D9A1-448A-BA04-F4ECFB33D802}"
EndProject
Global
	GlobalSection(SolutionConfigurationPlatforms) = preSolution
		Debug|Win32 = Debug|Win32
		Release|Win32 = Release|Win32
	EndGlobalSection
	GlobalSection(ProjectConfigurationPlatforms) = postSolution
		{827B4B97-D9A1-448A-BA04-F4ECFB33D802}.Debug|Win32.ActiveCfg = Debug|Win32
		{827B4B97-D9A1-448A-BA04-F4ECFB33D802}.Debug|Win32.Build.0 = Debug|Win32
		{827B4B97-D9A1-448A-BA04-F4ECFB33D802}.Release|Win32.ActiveCfg = Release|Win32
		{827B4B97-D9A1-448A-BA04-F4ECFB33D802}.Release|Win32.Build.0 = Release|Win32
	EndGlobalSection
	GlobalSection(SolutionProperties) = preSolution
		HideSolutionNode = FALSE
	EndGlobalSection
EndGlobal
